
Microsoft Visual Studio Solution File, Format Version 12.00
# Visual Studio Version 17
VisualStudioVersion = 17.14.36327.8 d17.14
MinimumVisualStudioVersion = 10.0.40219.1
Project("{8BC9CEB8-8B4A-11D0-8D11-00A0C91BC942}") = "USBAsioControlPanel", "USBAsioControlPanel.vcxproj", "{322B4A3B-AB5C-4E5C-BBBB-0BBE23E0ABD6}"
EndProject
Global
	GlobalSection(SolutionConfigurationPlatforms) = preSolution
		Debug|ARM64 = Debug|ARM64
		Debug|x64 = Debug|x64
		Debug|x86 = Debug|x86
		Release|ARM64 = Release|ARM64
		Release|x64 = Release|x64
		Release|x86 = Release|x86
	EndGlobalSection
	GlobalSection(ProjectConfigurationPlatforms) = postSolution
		{322B4A3B-AB5C-4E5C-BBBB-0BBE23E0ABD6}.Debug|ARM64.ActiveCfg = Debug|ARM64
		{322B4A3B-AB5C-4E5C-BBBB-0BBE23E0ABD6}.Debug|ARM64.Build.0 = Debug|ARM64
		{322B4A3B-AB5C-4E5C-BBBB-0BBE23E0ABD6}.Debug|ARM64.Deploy.0 = Debug|ARM64
		{322B4A3B-AB5C-4E5C-BBBB-0BBE23E0ABD6}.Debug|x64.ActiveCfg = Debug|x64
		{322B4A3B-AB5C-4E5C-BBBB-0BBE23E0ABD6}.Debug|x64.Build.0 = Debug|x64
		{322B4A3B-AB5C-4E5C-BBBB-0BBE23E0ABD6}.Debug|x64.Deploy.0 = Debug|x64
		{322B4A3B-AB5C-4E5C-BBBB-0BBE23E0ABD6}.Debug|x86.ActiveCfg = Debug|Win32
		{322B4A3B-AB5C-4E5C-BBBB-0BBE23E0ABD6}.Debug|x86.Build.0 = Debug|Win32
		{322B4A3B-AB5C-4E5C-BBBB-0BBE23E0ABD6}.Debug|x86.Deploy.0 = Debug|Win32
		{322B4A3B-AB5C-4E5C-BBBB-0BBE23E0ABD6}.Release|ARM64.ActiveCfg = Release|ARM64
		{322B4A3B-AB5C-4E5C-BBBB-0BBE23E0ABD6}.Release|ARM64.Build.0 = Release|ARM64
		{322B4A3B-AB5C-4E5C-BBBB-0BBE23E0ABD6}.Release|ARM64.Deploy.0 = Release|ARM64
		{322B4A3B-AB5C-4E5C-BBBB-0BBE23E0ABD6}.Release|x64.ActiveCfg = Release|x64
		{322B4A3B-AB5C-4E5C-BBBB-0BBE23E0ABD6}.Release|x64.Build.0 = Release|x64
		{322B4A3B-AB5C-4E5C-BBBB-0BBE23E0ABD6}.Release|x64.Deploy.0 = Release|x64
		{322B4A3B-AB5C-4E5C-BBBB-0BBE23E0ABD6}.Release|x86.ActiveCfg = Release|Win32
		{322B4A3B-AB5C-4E5C-BBBB-0BBE23E0ABD6}.Release|x86.Build.0 = Release|Win32
		{322B4A3B-AB5C-4E5C-BBBB-0BBE23E0ABD6}.Release|x86.Deploy.0 = Release|Win32
	EndGlobalSection
	GlobalSection(SolutionProperties) = preSolution
		HideSolutionNode = FALSE
	EndGlobalSection
	GlobalSection(ExtensibilityGlobals) = postSolution
		SolutionGuid = {7B9ACCA4-2E90-4FE9-9067-D51C7BDEAED7}
	EndGlobalSection
EndGlobal
