<?xml version="1.0" encoding="utf-8"?>
<Project ToolsVersion="4.0" xmlns="http://schemas.microsoft.com/developer/msbuild/2003">
  <ItemGroup>
    <ApplicationDefinition Include="App.xaml" />
  </ItemGroup>
  <ItemGroup>
    <Page Include="MainWindow.xaml" />
    <Page Include="AboutPage.xaml">
      <Filter>Views</Filter>
    </Page>
    <Page Include="AsioPage.xaml">
      <Filter>Views</Filter>
    </Page>
  </ItemGroup>
  <ItemGroup>
    <Midl Include="MainWindow.idl" />
    <Midl Include="AsioViewModel.idl">
      <Filter>ViewModels</Filter>
    </Midl>
  </ItemGroup>
  <ItemGroup>
    <ClCompile Include="pch.cpp" />
    <ClCompile Include="$(GeneratedFilesDir)module.g.cpp" />
    <ClCompile Include="AsioViewModel.cpp">
      <Filter>ViewModels</Filter>
    </ClCompile>
    <ClCompile Include="DriverSettings.cpp">
      <Filter>Model</Filter>
    </ClCompile>
    <ClCompile Include="DeviceEnumerationService.cpp">
      <Filter>Services</Filter>
    </ClCompile>
    <ClCompile Include="KsCommon.cpp">
      <Filter>Utility\ks</Filter>
    </ClCompile>
    <ClCompile Include="DeviceSettingService.cpp">
      <Filter>Services</Filter>
    </ClCompile>
  </ItemGroup>
  <ItemGroup>
    <ClInclude Include="pch.h" />
    <ClInclude Include="AsioViewModel.h">
      <Filter>ViewModels</Filter>
    </ClInclude>
    <ClInclude Include="DriverSettings.h">
      <Filter>Model</Filter>
    </ClInclude>
    <ClInclude Include="DeviceEnumerationService.h">
      <Filter>Services</Filter>
    </ClInclude>
    <ClInclude Include="string_utility.h">
      <Filter>Utility</Filter>
    </ClInclude>
    <ClInclude Include="KsCommon.h">
      <Filter>Utility\ks</Filter>
    </ClInclude>
    <ClInclude Include="DeviceSettingService.h">
      <Filter>Services</Filter>
    </ClInclude>
  </ItemGroup>
  <ItemGroup>
    <Image Include="Assets\Wide310x150Logo.scale-200.png">
      <Filter>Assets</Filter>
    </Image>
    <Image Include="Assets\StoreLogo.png">
      <Filter>Assets</Filter>
    </Image>
    <Image Include="Assets\Square150x150Logo.scale-200.png">
      <Filter>Assets</Filter>
    </Image>
    <Image Include="Assets\Square44x44Logo.targetsize-24_altform-unplated.png">
      <Filter>Assets</Filter>
    </Image>
    <Image Include="Assets\Square44x44Logo.scale-200.png">
      <Filter>Assets</Filter>
    </Image>
    <Image Include="Assets\SplashScreen.scale-200.png">
      <Filter>Assets</Filter>
    </Image>
    <Image Include="Assets\LockScreenLogo.scale-200.png">
      <Filter>Assets</Filter>
    </Image>
    <Image Include="Assets\ASIOLogoIcon2.bmp">
      <Filter>Assets</Filter>
    </Image>
  </ItemGroup>
  <ItemGroup>
    <Filter Include="Assets">
      <UniqueIdentifier>{322b4a3b-ab5c-4e5c-bbbb-0bbe23e0abd6}</UniqueIdentifier>
    </Filter>
    <Filter Include="ViewModels">
      <UniqueIdentifier>{56632913-3e76-423d-b1c0-35c00cf310bb}</UniqueIdentifier>
    </Filter>
    <Filter Include="Views">
      <UniqueIdentifier>{99d4fe79-bf5d-44fa-ad02-e1e6e6c2e7a3}</UniqueIdentifier>
    </Filter>
    <Filter Include="Model">
      <UniqueIdentifier>{35ae8d6f-7040-4989-9a22-3fac6dfc1fb9}</UniqueIdentifier>
    </Filter>
    <Filter Include="Resources">
      <UniqueIdentifier>{e1db8748-e269-4d71-a95b-a876aff75a10}</UniqueIdentifier>
    </Filter>
    <Filter Include="Services">
      <UniqueIdentifier>{b57a84f8-8db2-4b97-a352-ad6f4ab13988}</UniqueIdentifier>
    </Filter>
    <Filter Include="Utility">
      <UniqueIdentifier>{1db5f9bc-a974-4f37-a31b-a87d462079f4}</UniqueIdentifier>
    </Filter>
    <Filter Include="Utility\ks">
      <UniqueIdentifier>{94f5eaff-9431-4728-8402-5aa4e654f096}</UniqueIdentifier>
    </Filter>
  </ItemGroup>
  <ItemGroup>
    <Manifest Include="app.manifest" />
  </ItemGroup>
  <ItemGroup>
    <None Include="packages.config" />
  </ItemGroup>
  <ItemGroup>
    <PRIResource Include="Resources.resw">
      <Filter>Resources</Filter>
    </PRIResource>
  </ItemGroup>
  <ItemGroup>
    <Natvis Include="$(MSBuildThisFileDirectory)..\..\natvis\wil.natvis" />
    <Natvis Include="$(MSBuildThisFileDirectory)..\..\natvis\wil.natstepfilter" />
  </ItemGroup>
</Project>